<?xml version="1.0" encoding="utf-8"?>
<Project ToolsVersion="4.0" xmlns="http://schemas.microsoft.com/developer/msbuild/2003">
  <ItemGroup>
    <Filter Include="ソース ファイル">
      <UniqueIdentifier>{4FC737F1-C7A5-4376-A066-2A32D752A2FF}</UniqueIdentifier>
      <Extensions>cpp;c;cc;cxx;c++;cppm;ixx;def;odl;idl;hpj;bat;asm;asmx</Extensions>
    </Filter>
    <Filter Include="ヘッダー ファイル">
      <UniqueIdentifier>{93995380-89BD-4b04-88EB-625FBE52EBFB}</UniqueIdentifier>
      <Extensions>h;hh;hpp;hxx;h++;hm;inl;inc;ipp;xsd</Extensions>
    </Filter>
    <Filter Include="リソース ファイル">
      <UniqueIdentifier>{67DA6AB6-F800-4c08-8B7A-83BB121AAD01}</UniqueIdentifier>
      <Extensions>rc;ico;cur;bmp;dlg;rc2;rct;bin;rgs;gif;jpg;jpeg;jpe;resx;tiff;tif;png;wav;mfcribbon-ms</Extensions>
    </Filter>
    <Filter Include="ImGui">
      <UniqueIdentifier>{2F2593CF-9826-4B64-A148-39B061EE5731}</UniqueIdentifier>
    </Filter>
    <Filter Include="シェーダーファイル">
      <UniqueIdentifier>{344EE949-77C5-490F-BD45-3DD6CA0EC794}</UniqueIdentifier>
      <Extensions>hlsl;hlsli;fx;fxh</Extensions>
    </Filter>
    <Filter Include="入力処理">
      <UniqueIdentifier>{01BDCBDB-A529-4460-AB8C-EEE9B9C9EF7C}</UniqueIdentifier>
    </Filter>
    <Filter Include="Camera">
      <UniqueIdentifier>{8C2BF1E2-1CCC-4143-AFAF-EA02AEBEECCE}</UniqueIdentifier>
    </Filter>
    <Filter Include="Collision">
      <UniqueIdentifier>{D87BA2CD-9BBA-4BCC-B8D3-C5935E47F4C8}</UniqueIdentifier>
    </Filter>
    <Filter Include="Enemy">
      <UniqueIdentifier>{48ECFC34-3252-4717-85AE-52901D96165F}</UniqueIdentifier>
    </Filter>
    <Filter Include="Particle">
      <UniqueIdentifier>{8060D7EA-F6A5-43C8-9179-043595FA7CCF}</UniqueIdentifier>
    </Filter>
    <Filter Include="Player">
      <UniqueIdentifier>{23892133-389C-4E6F-B974-A45BCC3B7622}</UniqueIdentifier>
    </Filter>
    <Filter Include="Save">
      <UniqueIdentifier>{CD50E7E0-B87F-4D03-A815-2F37E711C508}</UniqueIdentifier>
    </Filter>
    <Filter Include="Scene">
      <UniqueIdentifier>{58835DFF-078A-4836-8C94-9520AB4BD3CE}</UniqueIdentifier>
    </Filter>
    <Filter Include="StageSystem">
      <UniqueIdentifier>{12C7EBE0-38C3-49B8-8052-1FE0C2A7222F}</UniqueIdentifier>
    </Filter>
    <Filter Include="Transition">
      <UniqueIdentifier>{7FAEE5CB-02FB-4955-A15B-A14A88D1BD86}</UniqueIdentifier>
    </Filter>
    <Filter Include="Utility">
      <UniqueIdentifier>{5DCB162C-96E8-4E28-A482-2ECC5806C6E6}</UniqueIdentifier>
    </Filter>
    <Filter Include="UI">
      <UniqueIdentifier>{FB897A2F-E59C-40DF-B435-E9F7FAE980DC}</UniqueIdentifier>
    </Filter>
    <Filter Include="Weapon">
      <UniqueIdentifier>{0A28A145-0E89-46E2-9316-E04E90F9BDE1}</UniqueIdentifier>
    </Filter>
    <Filter Include="不要">
      <UniqueIdentifier>{df928ffb-bfe2-4c8b-ad79-9c2319bf5f85}</UniqueIdentifier>
    </Filter>
  </ItemGroup>
  <ItemGroup>
    <ClCompile Include="main.cpp">
      <Filter>ソース ファイル</Filter>
    </ClCompile>
    <ClCompile Include="renderer.cpp">
      <Filter>ソース ファイル</Filter>
    </ClCompile>
    <ClCompile Include="manager.cpp">
      <Filter>ソース ファイル</Filter>
    </ClCompile>
    <ClCompile Include="mouse.cpp">
      <Filter>入力処理</Filter>
    </ClCompile>
    <ClCompile Include="keyboard.cpp">
      <Filter>入力処理</Filter>
    </ClCompile>
    <ClCompile Include="debugInfo.cpp">
      <Filter>ソース ファイル</Filter>
    </ClCompile>
    <ClCompile Include="imgui\imgui.cpp">
      <Filter>ImGui</Filter>
    </ClCompile>
    <ClCompile Include="imgui\imgui_demo.cpp">
      <Filter>ImGui</Filter>
    </ClCompile>
    <ClCompile Include="imgui\imgui_draw.cpp">
      <Filter>ImGui</Filter>
    </ClCompile>
    <ClCompile Include="imgui\imgui_tables.cpp">
      <Filter>ImGui</Filter>
    </ClCompile>
    <ClCompile Include="imgui\imgui_widgets.cpp">
      <Filter>ImGui</Filter>
    </ClCompile>
    <ClCompile Include="imgui\imgui_impl_dx11.cpp">
      <Filter>ImGui</Filter>
    </ClCompile>
    <ClCompile Include="imgui\imgui_impl_win32.cpp">
      <Filter>ImGui</Filter>
    </ClCompile>
    <ClCompile Include="camera.cpp">
      <Filter>Camera</Filter>
    </ClCompile>
    <ClCompile Include="defaultCameraStrategy.cpp">
      <Filter>Camera</Filter>
    </ClCompile>
    <ClCompile Include="fpsCameraStrategy.cpp">
      <Filter>Camera</Filter>
    </ClCompile>
    <ClCompile Include="tpsCameraStrategy.cpp">
      <Filter>Camera</Filter>
    </ClCompile>
    <ClCompile Include="eventCameraStrategy.cpp">
      <Filter>Camera</Filter>
    </ClCompile>
    <ClCompile Include="boxCollider.cpp">
      <Filter>Collision</Filter>
    </ClCompile>
    <ClCompile Include="collisionManager.cpp">
      <Filter>Collision</Filter>
    </ClCompile>
    <ClCompile Include="colliderDebugRenderer.cpp">
      <Filter>Collision</Filter>
    </ClCompile>
    <ClCompile Include="sphereCollider.cpp">
      <Filter>Collision</Filter>
    </ClCompile>
    <ClCompile Include="enemy.cpp">
      <Filter>Enemy</Filter>
    </ClCompile>
    <ClCompile Include="enemyManager.cpp">
      <Filter>Enemy</Filter>
    </ClCompile>
    <ClCompile Include="enemyPool.cpp">
      <Filter>Enemy</Filter>
    </ClCompile>
    <ClCompile Include="enemyProjectilePool.cpp">
      <Filter>Enemy</Filter>
    </ClCompile>
    <ClCompile Include="enemySpawner.cpp">
      <Filter>Enemy</Filter>
    </ClCompile>
    <ClCompile Include="scorpion.cpp">
      <Filter>Enemy</Filter>
    </ClCompile>
    <ClCompile Include="spiderEnemy.cpp">
      <Filter>Enemy</Filter>
    </ClCompile>
    <ClCompile Include="spiderPool.cpp">
      <Filter>Enemy</Filter>
    </ClCompile>
    <ClCompile Include="particleEmitter.cpp">
      <Filter>Particle</Filter>
    </ClCompile>
    <ClCompile Include="particleManager.cpp">
      <Filter>Particle</Filter>
    </ClCompile>
    <ClCompile Include="particleRenderer.cpp">
      <Filter>Particle</Filter>
    </ClCompile>
    <ClCompile Include="player.cpp">
      <Filter>Player</Filter>
    </ClCompile>
    <ClCompile Include="saveManager.cpp">
      <Filter>Save</Filter>
    </ClCompile>
    <ClCompile Include="rankingManager.cpp">
      <Filter>Save</Filter>
    </ClCompile>
    <ClCompile Include="gameContext.cpp">
      <Filter>Scene</Filter>
    </ClCompile>
    <ClCompile Include="gameScene.cpp">
      <Filter>Scene</Filter>
    </ClCompile>
    <ClCompile Include="menuScene.cpp">
      <Filter>Scene</Filter>
    </ClCompile>
    <ClCompile Include="resultScene.cpp">
      <Filter>Scene</Filter>
    </ClCompile>
    <ClCompile Include="sceneManager.cpp">
      <Filter>Scene</Filter>
    </ClCompile>
    <ClCompile Include="transitionBase.cpp">
      <Filter>Transition</Filter>
    </ClCompile>
    <ClCompile Include="fadeTransition.cpp">
      <Filter>Transition</Filter>
    </ClCompile>
    <ClCompile Include="transitionManager.cpp">
      <Filter>Transition</Filter>
    </ClCompile>
    <ClCompile Include="fullScreenQuad.cpp">
      <Filter>Transition</Filter>
    </ClCompile>
    <ClCompile Include="transitionParamsBuffer.cpp">
      <Filter>Transition</Filter>
    </ClCompile>
    <ClCompile Include="wipeTransition.cpp">
      <Filter>Transition</Filter>
    </ClCompile>
    <ClCompile Include="circleTransition.cpp">
      <Filter>Transition</Filter>
    </ClCompile>
    <ClCompile Include="slideTransition.cpp">
      <Filter>Transition</Filter>
    </ClCompile>
    <ClCompile Include="curtainTransition.cpp">
      <Filter>Transition</Filter>
    </ClCompile>
    <ClCompile Include="screenCapture.cpp">
      <Filter>Transition</Filter>
    </ClCompile>
    <ClCompile Include="mosaicTransition.cpp">
      <Filter>Transition</Filter>
    </ClCompile>
    <ClCompile Include="renderTexture.cpp">
      <Filter>Transition</Filter>
    </ClCompile>
    <ClCompile Include="blurTransition.cpp">
      <Filter>Transition</Filter>
    </ClCompile>
    <ClCompile Include="distortionTransition.cpp">
      <Filter>Transition</Filter>
    </ClCompile>
    <ClCompile Include="pixelDissolveTransition.cpp">
      <Filter>Transition</Filter>
    </ClCompile>
    <ClCompile Include="stageSelectScene.cpp">
      <Filter>Scene</Filter>
    </ClCompile>
    <ClCompile Include="storyCompleteScene.cpp">
      <Filter>Scene</Filter>
    </ClCompile>
    <ClCompile Include="titleScene.cpp">
      <Filter>Scene</Filter>
    </ClCompile>
    <ClCompile Include="stageDatabase.cpp">
      <Filter>StageSystem</Filter>
    </ClCompile>
    <ClCompile Include="stageID.cpp">
      <Filter>StageSystem</Filter>
    </ClCompile>
    <ClCompile Include="stageLoader.cpp">
      <Filter>StageSystem</Filter>
    </ClCompile>
    <ClCompile Include="pauseMenu.cpp">
      <Filter>UI</Filter>
    </ClCompile>
    <ClCompile Include="tutorialOverlay.cpp">
      <Filter>UI</Filter>
    </ClCompile>
    <ClCompile Include="weaponUI.cpp">
      <Filter>UI</Filter>
    </ClCompile>
    <ClCompile Include="damageVisualizer.cpp">
      <Filter>UI</Filter>
    </ClCompile>
    <ClCompile Include="weapon.cpp">
      <Filter>Weapon</Filter>
    </ClCompile>
    <ClCompile Include="pistol.cpp">
      <Filter>Weapon</Filter>
    </ClCompile>
    <ClCompile Include="shotgun.cpp">
      <Filter>Weapon</Filter>
    </ClCompile>
    <ClCompile Include="assaultRifle.cpp">
      <Filter>Weapon</Filter>
    </ClCompile>
    <ClCompile Include="rocketLauncher.cpp">
      <Filter>Weapon</Filter>
    </ClCompile>
    <ClCompile Include="bulletManager.cpp">
      <Filter>Weapon</Filter>
    </ClCompile>
    <ClCompile Include="bulletPool.cpp">
      <Filter>Weapon</Filter>
    </ClCompile>
    <ClCompile Include="audio.cpp">
      <Filter>ソース ファイル</Filter>
    </ClCompile>
    <ClCompile Include="explosion.cpp">
      <Filter>ソース ファイル</Filter>
    </ClCompile>
    <ClCompile Include="field.cpp">
      <Filter>ソース ファイル</Filter>
    </ClCompile>
    <ClCompile Include="healItem.cpp">
      <Filter>ソース ファイル</Filter>
    </ClCompile>
    <ClCompile Include="damageEffectManager.cpp">
      <Filter>UI</Filter>
    </ClCompile>
    <ClCompile Include="dynamicLightManager.cpp">
      <Filter>ソース ファイル</Filter>
    </ClCompile>
    <ClCompile Include="grass.cpp">
      <Filter>ソース ファイル</Filter>
    </ClCompile>
    <ClCompile Include="modelRenderer.cpp">
      <Filter>ソース ファイル</Filter>
    </ClCompile>
    <ClCompile Include="playerLog.cpp">
      <Filter>ソース ファイル</Filter>
    </ClCompile>
    <ClCompile Include="polygon2D.cpp">
      <Filter>ソース ファイル</Filter>
    </ClCompile>
    <ClCompile Include="shadowRenderer.cpp">
      <Filter>ソース ファイル</Filter>
    </ClCompile>
    <ClCompile Include="sky.cpp">
      <Filter>ソース ファイル</Filter>
    </ClCompile>
    <ClCompile Include="stageManager.cpp">
      <Filter>ソース ファイル</Filter>
    </ClCompile>
    <ClCompile Include="tree.cpp">
      <Filter>ソース ファイル</Filter>
    </ClCompile>
    <ClCompile Include="waveManager.cpp">
      <Filter>ソース ファイル</Filter>
    </ClCompile>
    <ClCompile Include="gamepad.cpp">
      <Filter>入力処理</Filter>
    </ClCompile>
    <ClCompile Include="input.cpp">
      <Filter>入力処理</Filter>
    </ClCompile>
    <ClCompile Include="inputManager.cpp">
      <Filter>入力処理</Filter>
    </ClCompile>
    <ClCompile Include="inputVisualizer.cpp">
      <Filter>入力処理</Filter>
    </ClCompile>
    <ClCompile Include="box.cpp">
      <Filter>不要</Filter>
    </ClCompile>
  </ItemGroup>
  <ItemGroup>
    <ClInclude Include="main.h">
      <Filter>ヘッダー ファイル</Filter>
    </ClInclude>
    <ClInclude Include="renderer.h">
      <Filter>ヘッダー ファイル</Filter>
    </ClInclude>
    <ClInclude Include="manager.h">
      <Filter>ヘッダー ファイル</Filter>
    </ClInclude>
    <ClInclude Include="keyboard.h">
      <Filter>入力処理</Filter>
    </ClInclude>
    <ClInclude Include="mouse.h">
      <Filter>入力処理</Filter>
    </ClInclude>
    <ClInclude Include="debugInfo.h">
      <Filter>ヘッダー ファイル</Filter>
    </ClInclude>
    <ClInclude Include="vector3.h">
      <Filter>ヘッダー ファイル</Filter>
    </ClInclude>
    <ClInclude Include="debugPrintf.h">
      <Filter>ヘッダー ファイル</Filter>
    </ClInclude>
    <ClInclude Include="imgui\imconfig.h">
      <Filter>ImGui</Filter>
    </ClInclude>
    <ClInclude Include="imgui\imgui.h">
      <Filter>ImGui</Filter>
    </ClInclude>
    <ClInclude Include="imgui\imgui_internal.h">
      <Filter>ImGui</Filter>
    </ClInclude>
    <ClInclude Include="imgui\imgui_impl_dx11.h">
      <Filter>ImGui</Filter>
    </ClInclude>
    <ClInclude Include="imgui\imgui_impl_win32.h">
      <Filter>ImGui</Filter>
    </ClInclude>
    <ClInclude Include="imgui\imstb_rectpack.h">
      <Filter>ImGui</Filter>
    </ClInclude>
    <ClInclude Include="imgui\imstb_textedit.h">
      <Filter>ImGui</Filter>
    </ClInclude>
    <ClInclude Include="imgui\imstb_truetype.h">
      <Filter>ImGui</Filter>
    </ClInclude>
    <ClInclude Include="camera.h">
      <Filter>Camera</Filter>
    </ClInclude>
    <ClInclude Include="cameraStrategy.h">
      <Filter>Camera</Filter>
    </ClInclude>
    <ClInclude Include="defaultCameraStrategy.h">
      <Filter>Camera</Filter>
    </ClInclude>
    <ClInclude Include="fpsCameraStrategy.h">
      <Filter>Camera</Filter>
    </ClInclude>
    <ClInclude Include="tpsCameraStrategy.h">
      <Filter>Camera</Filter>
    </ClInclude>
    <ClInclude Include="eventCameraStrategy.h">
      <Filter>Camera</Filter>
    </ClInclude>
    <ClInclude Include="boxCollider.h">
      <Filter>Collision</Filter>
    </ClInclude>
    <ClInclude Include="collider.h">
      <Filter>Collision</Filter>
    </ClInclude>
    <ClInclude Include="collisionManager.h">
      <Filter>Collision</Filter>
    </ClInclude>
    <ClInclude Include="colliderDebugRenderer.h">
      <Filter>Collision</Filter>
    </ClInclude>
    <ClInclude Include="sphereCollider.h">
      <Filter>Collision</Filter>
    </ClInclude>
    <ClInclude Include="enemy.h">
      <Filter>Enemy</Filter>
    </ClInclude>
    <ClInclude Include="enemyManager.h">
      <Filter>Enemy</Filter>
    </ClInclude>
    <ClInclude Include="enemyPool.h">
      <Filter>Enemy</Filter>
    </ClInclude>
    <ClInclude Include="enemyProjectile.h">
      <Filter>Enemy</Filter>
    </ClInclude>
    <ClInclude Include="enemyProjectilePool.h">
      <Filter>Enemy</Filter>
    </ClInclude>
    <ClInclude Include="enemySpawner.h">
      <Filter>Enemy</Filter>
    </ClInclude>
    <ClInclude Include="scorpion.h">
      <Filter>Enemy</Filter>
    </ClInclude>
    <ClInclude Include="spiderEnemy.h">
      <Filter>Enemy</Filter>
    </ClInclude>
    <ClInclude Include="spiderPool.h">
      <Filter>Enemy</Filter>
    </ClInclude>
    <ClInclude Include="particleEmitter.h">
      <Filter>Particle</Filter>
    </ClInclude>
    <ClInclude Include="particleManager.h">
      <Filter>Particle</Filter>
    </ClInclude>
    <ClInclude Include="particleRenderer.h">
      <Filter>Particle</Filter>
    </ClInclude>
    <ClInclude Include="particleSetting.h">
      <Filter>Particle</Filter>
    </ClInclude>
    <ClInclude Include="player.h">
      <Filter>Player</Filter>
    </ClInclude>
    <ClInclude Include="saveData.h">
      <Filter>Save</Filter>
    </ClInclude>
    <ClInclude Include="saveManager.h">
      <Filter>Save</Filter>
    </ClInclude>
    <ClInclude Include="rankingManager.h">
      <Filter>Save</Filter>
    </ClInclude>
    <ClInclude Include="gameContext.h">
      <Filter>Scene</Filter>
    </ClInclude>
    <ClInclude Include="gameMode.h">
      <Filter>Scene</Filter>
    </ClInclude>
    <ClInclude Include="gameScene.h">
      <Filter>Scene</Filter>
    </ClInclude>
    <ClInclude Include="menuScene.h">
      <Filter>Scene</Filter>
    </ClInclude>
    <ClInclude Include="resultScene.h">
      <Filter>Scene</Filter>
    </ClInclude>
    <ClInclude Include="scene.h">
      <Filter>Scene</Filter>
    </ClInclude>
    <ClInclude Include="sceneManager.h">
      <Filter>Scene</Filter>
    </ClInclude>
    <ClInclude Include="transitionType.h">
      <Filter>Transition</Filter>
    </ClInclude>
    <ClInclude Include="iTransition.h">
      <Filter>Transition</Filter>
    </ClInclude>
    <ClInclude Include="transitionBase.h">
      <Filter>Transition</Filter>
    </ClInclude>
    <ClInclude Include="fadeTransition.h">
      <Filter>Transition</Filter>
    </ClInclude>
    <ClInclude Include="transitionManager.h">
      <Filter>Transition</Filter>
    </ClInclude>
    <ClInclude Include="fullScreenQuad.h">
      <Filter>Transition</Filter>
    </ClInclude>
    <ClInclude Include="transitionParamsBuffer.h">
      <Filter>Transition</Filter>
    </ClInclude>
    <ClInclude Include="wipeTransition.h">
      <Filter>Transition</Filter>
    </ClInclude>
    <ClInclude Include="circleTransition.h">
      <Filter>Transition</Filter>
    </ClInclude>
    <ClInclude Include="slideTransition.h">
      <Filter>Transition</Filter>
    </ClInclude>
    <ClInclude Include="curtainTransition.h">
      <Filter>Transition</Filter>
    </ClInclude>
    <ClInclude Include="screenCapture.h">
      <Filter>Transition</Filter>
    </ClInclude>
    <ClInclude Include="mosaicTransition.h">
      <Filter>Transition</Filter>
    </ClInclude>
    <ClInclude Include="renderTexture.h">
      <Filter>Transition</Filter>
    </ClInclude>
    <ClInclude Include="blurTransition.h">
      <Filter>Transition</Filter>
    </ClInclude>
    <ClInclude Include="distortionTransition.h">
      <Filter>Transition</Filter>
    </ClInclude>
    <ClInclude Include="pixelDissolveTransition.h">
      <Filter>Transition</Filter>
    </ClInclude>
    <ClInclude Include="easing.h">
      <Filter>Utility</Filter>
    </ClInclude>
    <ClInclude Include="stageSelectScene.h">
      <Filter>Scene</Filter>
    </ClInclude>
    <ClInclude Include="storyCompleteScene.h">
      <Filter>Scene</Filter>
    </ClInclude>
    <ClInclude Include="titleScene.h">
      <Filter>Scene</Filter>
    </ClInclude>
    <ClInclude Include="stageData.h">
      <Filter>StageSystem</Filter>
    </ClInclude>
    <ClInclude Include="stageDatabase.h">
      <Filter>StageSystem</Filter>
    </ClInclude>
    <ClInclude Include="stageID.h">
      <Filter>StageSystem</Filter>
    </ClInclude>
    <ClInclude Include="stageLoader.h">
      <Filter>StageSystem</Filter>
    </ClInclude>
    <ClInclude Include="pauseMenu.h">
      <Filter>UI</Filter>
    </ClInclude>
    <ClInclude Include="tutorialOverlay.h">
      <Filter>UI</Filter>
    </ClInclude>
    <ClInclude Include="weaponUI.h">
      <Filter>UI</Filter>
    </ClInclude>
    <ClInclude Include="damageVisualizer.h">
      <Filter>UI</Filter>
    </ClInclude>
    <ClInclude Include="weapon.h">
      <Filter>Weapon</Filter>
    </ClInclude>
    <ClInclude Include="weaponParams.h">
      <Filter>Weapon</Filter>
    </ClInclude>
    <ClInclude Include="pistol.h">
      <Filter>Weapon</Filter>
    </ClInclude>
    <ClInclude Include="shotgun.h">
      <Filter>Weapon</Filter>
    </ClInclude>
    <ClInclude Include="assaultRifle.h">
      <Filter>Weapon</Filter>
    </ClInclude>
    <ClInclude Include="rocketLauncher.h">
      <Filter>Weapon</Filter>
    </ClInclude>
    <ClInclude Include="bullet.h">
      <Filter>Weapon</Filter>
    </ClInclude>
    <ClInclude Include="bulletManager.h">
      <Filter>Weapon</Filter>
    </ClInclude>
    <ClInclude Include="bulletParams.h">
      <Filter>Weapon</Filter>
    </ClInclude>
    <ClInclude Include="bulletPool.h">
      <Filter>Weapon</Filter>
    </ClInclude>
    <ClInclude Include="DirectXTex.h">
      <Filter>ヘッダー ファイル</Filter>
    </ClInclude>
    <ClInclude Include="audio.h">
      <Filter>ヘッダー ファイル</Filter>
    </ClInclude>
    <ClInclude Include="component.h">
      <Filter>ヘッダー ファイル</Filter>
    </ClInclude>
    <ClInclude Include="explosion.h">
      <Filter>ヘッダー ファイル</Filter>
    </ClInclude>
    <ClInclude Include="field.h">
      <Filter>ヘッダー ファイル</Filter>
    </ClInclude>
    <ClInclude Include="healItem.h">
      <Filter>ヘッダー ファイル</Filter>
    </ClInclude>
    <ClInclude Include="damageEffectManager.h">
      <Filter>UI</Filter>
    </ClInclude>
    <ClInclude Include="dynamicLightManager.h">
      <Filter>ヘッダー ファイル</Filter>
    </ClInclude>
    <ClInclude Include="GameConfig.h">
      <Filter>ヘッダー ファイル</Filter>
    </ClInclude>
    <ClInclude Include="gameObject.h">
      <Filter>ヘッダー ファイル</Filter>
    </ClInclude>
    <ClInclude Include="grass.h">
      <Filter>ヘッダー ファイル</Filter>
    </ClInclude>
    <ClInclude Include="modelRenderer.h">
      <Filter>ヘッダー ファイル</Filter>
    </ClInclude>
    <ClInclude Include="playerLog.h">
      <Filter>ヘッダー ファイル</Filter>
    </ClInclude>
    <ClInclude Include="polygon2D.h">
      <Filter>ヘッダー ファイル</Filter>
    </ClInclude>
    <ClInclude Include="shadowRenderer.h">
      <Filter>ヘッダー ファイル</Filter>
    </ClInclude>
    <ClInclude Include="sky.h">
      <Filter>ヘッダー ファイル</Filter>
    </ClInclude>
    <ClInclude Include="stageManager.h">
      <Filter>ヘッダー ファイル</Filter>
    </ClInclude>
    <ClInclude Include="tree.h">
      <Filter>ヘッダー ファイル</Filter>
    </ClInclude>
    <ClInclude Include="waveManager.h">
      <Filter>ヘッダー ファイル</Filter>
    </ClInclude>
    <ClInclude Include="gamepad.h">
      <Filter>入力処理</Filter>
    </ClInclude>
    <ClInclude Include="input.h">
      <Filter>入力処理</Filter>
    </ClInclude>
    <ClInclude Include="inputManager.h">
      <Filter>入力処理</Filter>
    </ClInclude>
    <ClInclude Include="inputVisualizer.h">
      <Filter>入力処理</Filter>
    </ClInclude>
    <ClInclude Include="box.h">
      <Filter>不要</Filter>
    </ClInclude>
  </ItemGroup>
  <ItemGroup>
    <None Include="imgui\LICENSE.txt">
      <Filter>ImGui</Filter>
    </None>
    <None Include="shader\common.hlsl">
      <Filter>シェーダーファイル</Filter>
    </None>
    <None Include="shader\commonFanc.hlsl">
      <Filter>シェーダーファイル</Filter>
    </None>
    <None Include="shader\transitionCommon.hlsl">
      <Filter>シェーダーファイル</Filter>
    </None>
    <None Include="shader\dynamicLights.hlsl">
      <Filter>シェーダーファイル</Filter>
    </None>
  </ItemGroup>
  <ItemGroup>
    <FxCompile Include="shader\ShadowDepthPS.hlsl">
      <Filter>シェーダーファイル</Filter>
    </FxCompile>
    <FxCompile Include="shader\ShadowDepthVS.hlsl">
      <Filter>シェーダーファイル</Filter>
    </FxCompile>
    <FxCompile Include="shader\ShadowMapLightingPS.hlsl">
      <Filter>シェーダーファイル</Filter>
    </FxCompile>
    <FxCompile Include="shader\ShadowMapLightingVS.hlsl">
      <Filter>シェーダーファイル</Filter>
    </FxCompile>
    <FxCompile Include="shader\unlitTexturePS.hlsl">
      <Filter>シェーダーファイル</Filter>
    </FxCompile>
    <FxCompile Include="shader\unlitTextureVS.hlsl">
      <Filter>シェーダーファイル</Filter>
    </FxCompile>
    <FxCompile Include="shader\wipePS.hlsl">
      <Filter>シェーダーファイル</Filter>
    </FxCompile>
    <FxCompile Include="shader\circlePS.hlsl">
      <Filter>シェーダーファイル</Filter>
    </FxCompile>
    <FxCompile Include="shader\mosaicPS.hlsl">
      <Filter>シェーダーファイル</Filter>
    </FxCompile>
    <FxCompile Include="shader\blurPS.hlsl">
      <Filter>シェーダーファイル</Filter>
    </FxCompile>
    <FxCompile Include="shader\distortionPS.hlsl">
      <Filter>シェーダーファイル</Filter>
    </FxCompile>
    <FxCompile Include="shader\pixelDissolvePS.hlsl">
      <Filter>シェーダーファイル</Filter>
    </FxCompile>
    <FxCompile Include="shader\TreeLeafPS.hlsl">
      <Filter>シェーダーファイル</Filter>
    </FxCompile>
    <FxCompile Include="shader\TreeLeafVS.hlsl">
      <Filter>シェーダーファイル</Filter>
    </FxCompile>
    <FxCompile Include="shader\CrystalPS.hlsl">
      <Filter>シェーダーファイル</Filter>
    </FxCompile>
    <FxCompile Include="shader\ScorpionPS.hlsl">
      <Filter>シェーダーファイル</Filter>
    </FxCompile>
  </ItemGroup>
</Project>